
Microsoft Visual Studio Solution File, Format Version 12.00
# Visual Studio Version 17
VisualStudioVersion = 17.9.34728.123
MinimumVisualStudioVersion = 10.0.40219.1
Project("{FAE04EC0-301F-11D3-BF4B-00C04F79EFBC}") = "POOI_Semana01_A", "POOI_Semana01_A\POOI_Semana01_A.csproj", "{9216B457-E9D4-4740-9AAD-A58A6FAC637F}"
EndProject
Global
	GlobalSection(SolutionConfigurationPlatforms) = preSolution
		Debug|Any CPU = Debug|Any CPU
		Release|Any CPU = Release|Any CPU
	EndGlobalSection
	GlobalSection(ProjectConfigurationPlatforms) = postSolution
		{9216B457-E9D4-4740-9AAD-A58A6FAC637F}.Debug|Any CPU.ActiveCfg = Debug|Any CPU
		{9216B457-E9D4-4740-9AAD-A58A6FAC637F}.Debug|Any CPU.Build.0 = Debug|Any CPU
		{9216B457-E9D4-4740-9AAD-A58A6FAC637F}.Release|Any CPU.ActiveCfg = Release|Any CPU
		{9216B457-E9D4-4740-9AAD-A58A6FAC637F}.Release|Any CPU.Build.0 = Release|Any CPU
	EndGlobalSection
	GlobalSection(SolutionProperties) = preSolution
		HideSolutionNode = FALSE
	EndGlobalSection
	GlobalSection(ExtensibilityGlobals) = postSolution
		SolutionGuid = {4596E0A6-830B-489A-9478-0CBD2497A0F8}
	EndGlobalSection
EndGlobal
