
Microsoft Visual Studio Solution File, Format Version 12.00
# Visual Studio Version 17
VisualStudioVersion = 17.9.34728.123
MinimumVisualStudioVersion = 10.0.40219.1
Project("{FAE04EC0-301F-11D3-BF4B-00C04F79EFBC}") = "Problema01", "Problema01\Problema01.csproj", "{FF3FD564-8CE9-4D43-B3A9-BA405191064F}"
EndProject
Project("{FAE04EC0-301F-11D3-BF4B-00C04F79EFBC}") = "Problema02", "Problema02\Problema02.csproj", "{FBE4AB2B-406D-4DEB-A623-AA85A6721564}"
EndProject
Project("{FAE04EC0-301F-11D3-BF4B-00C04F79EFBC}") = "Problema03", "Problema03\Problema03.csproj", "{4D6226EC-1AF5-403C-999A-8EB8E352EC37}"
EndProject
Project("{FAE04EC0-301F-11D3-BF4B-00C04F79EFBC}") = "Problema04", "Problema04\Problema04.csproj", "{A53212F4-81BD-4A08-929E-A5E0446F1A66}"
EndProject
Global
	GlobalSection(SolutionConfigurationPlatforms) = preSolution
		Debug|Any CPU = Debug|Any CPU
		Release|Any CPU = Release|Any CPU
	EndGlobalSection
	GlobalSection(ProjectConfigurationPlatforms) = postSolution
		{FF3FD564-8CE9-4D43-B3A9-BA405191064F}.Debug|Any CPU.ActiveCfg = Debug|Any CPU
		{FF3FD564-8CE9-4D43-B3A9-BA405191064F}.Debug|Any CPU.Build.0 = Debug|Any CPU
		{FF3FD564-8CE9-4D43-B3A9-BA405191064F}.Release|Any CPU.ActiveCfg = Release|Any CPU
		{FF3FD564-8CE9-4D43-B3A9-BA405191064F}.Release|Any CPU.Build.0 = Release|Any CPU
		{FBE4AB2B-406D-4DEB-A623-AA85A6721564}.Debug|Any CPU.ActiveCfg = Debug|Any CPU
		{FBE4AB2B-406D-4DEB-A623-AA85A6721564}.Debug|Any CPU.Build.0 = Debug|Any CPU
		{FBE4AB2B-406D-4DEB-A623-AA85A6721564}.Release|Any CPU.ActiveCfg = Release|Any CPU
		{FBE4AB2B-406D-4DEB-A623-AA85A6721564}.Release|Any CPU.Build.0 = Release|Any CPU
		{4D6226EC-1AF5-403C-999A-8EB8E352EC37}.Debug|Any CPU.ActiveCfg = Debug|Any CPU
		{4D6226EC-1AF5-403C-999A-8EB8E352EC37}.Debug|Any CPU.Build.0 = Debug|Any CPU
		{4D6226EC-1AF5-403C-999A-8EB8E352EC37}.Release|Any CPU.ActiveCfg = Release|Any CPU
		{4D6226EC-1AF5-403C-999A-8EB8E352EC37}.Release|Any CPU.Build.0 = Release|Any CPU
		{A53212F4-81BD-4A08-929E-A5E0446F1A66}.Debug|Any CPU.ActiveCfg = Debug|Any CPU
		{A53212F4-81BD-4A08-929E-A5E0446F1A66}.Debug|Any CPU.Build.0 = Debug|Any CPU
		{A53212F4-81BD-4A08-929E-A5E0446F1A66}.Release|Any CPU.ActiveCfg = Release|Any CPU
		{A53212F4-81BD-4A08-929E-A5E0446F1A66}.Release|Any CPU.Build.0 = Release|Any CPU
	EndGlobalSection
	GlobalSection(SolutionProperties) = preSolution
		HideSolutionNode = FALSE
	EndGlobalSection
	GlobalSection(ExtensibilityGlobals) = postSolution
		SolutionGuid = {B48A7494-6B7D-4A60-9111-42205F780305}
	EndGlobalSection
EndGlobal
